
Microsoft Visual Studio Solution File, Format Version 12.00
# Visual Studio 15
VisualStudioVersion = 15.0.27703.2000
MinimumVisualStudioVersion = 10.0.40219.1
Project("{8BC9CEB8-8B4A-11D0-8D11-00A0C91BC942}") = "gstdlib", "gstdlib\gstdlib.vcxproj", "{C9D78A46-1775-43B3-BF79-4A8F1FE5F7F9}"
EndProject
Project("{8BC9CEB8-8B4A-11D0-8D11-00A0C91BC942}") = "gloader", "gloader\gloader.vcxproj", "{94924B93-A6BA-4CBA-B57D-964387AE1DF3}"
EndProject
Project("{8BC9CEB8-8B4A-11D0-8D11-00A0C91BC942}") = "ExampleCartridge", "ExampleCartridge\ExampleCartridge.vcxproj", "{682CCE36-E63C-4495-BCFB-2AE9AC28D4F8}"
	ProjectSection(ProjectDependencies) = postProject
		{C9D78A46-1775-43B3-BF79-4A8F1FE5F7F9} = {C9D78A46-1775-43B3-BF79-4A8F1FE5F7F9}
	EndProjectSection
EndProject
Project("{8BC9CEB8-8B4A-11D0-8D11-00A0C91BC942}") = "GProfiler", "GProfiler\GProfiler.vcxproj", "{2D8FB2B4-F2F5-471D-A8D7-00D484606E76}"
EndProject
Global
	GlobalSection(SolutionConfigurationPlatforms) = preSolution
		Debug|x64 = Debug|x64
		Debug|x86 = Debug|x86
		Release|x64 = Release|x64
		Release|x86 = Release|x86
	EndGlobalSection
	GlobalSection(ProjectConfigurationPlatforms) = postSolution
		{C9D78A46-1775-43B3-BF79-4A8F1FE5F7F9}.Debug|x64.ActiveCfg = Debug|x64
		{C9D78A46-1775-43B3-BF79-4A8F1FE5F7F9}.Debug|x64.Build.0 = Debug|x64
		{C9D78A46-1775-43B3-BF79-4A8F1FE5F7F9}.Debug|x86.ActiveCfg = Debug|Win32
		{C9D78A46-1775-43B3-BF79-4A8F1FE5F7F9}.Debug|x86.Build.0 = Debug|Win32
		{C9D78A46-1775-43B3-BF79-4A8F1FE5F7F9}.Release|x64.ActiveCfg = Release|x64
		{C9D78A46-1775-43B3-BF79-4A8F1FE5F7F9}.Release|x64.Build.0 = Release|x64
		{C9D78A46-1775-43B3-BF79-4A8F1FE5F7F9}.Release|x86.ActiveCfg = Release|Win32
		{C9D78A46-1775-43B3-BF79-4A8F1FE5F7F9}.Release|x86.Build.0 = Release|Win32
		{94924B93-A6BA-4CBA-B57D-964387AE1DF3}.Debug|x64.ActiveCfg = Debug|x64
		{94924B93-A6BA-4CBA-B57D-964387AE1DF3}.Debug|x64.Build.0 = Debug|x64
		{94924B93-A6BA-4CBA-B57D-964387AE1DF3}.Debug|x86.ActiveCfg = Debug|Win32
		{94924B93-A6BA-4CBA-B57D-964387AE1DF3}.Debug|x86.Build.0 = Debug|Win32
		{94924B93-A6BA-4CBA-B57D-964387AE1DF3}.Release|x64.ActiveCfg = Release|x64
		{94924B93-A6BA-4CBA-B57D-964387AE1DF3}.Release|x64.Build.0 = Release|x64
		{94924B93-A6BA-4CBA-B57D-964387AE1DF3}.Release|x86.ActiveCfg = Release|Win32
		{94924B93-A6BA-4CBA-B57D-964387AE1DF3}.Release|x86.Build.0 = Release|Win32
		{682CCE36-E63C-4495-BCFB-2AE9AC28D4F8}.Debug|x64.ActiveCfg = Debug|x64
		{682CCE36-E63C-4495-BCFB-2AE9AC28D4F8}.Debug|x64.Build.0 = Debug|x64
		{682CCE36-E63C-4495-BCFB-2AE9AC28D4F8}.Debug|x86.ActiveCfg = Debug|Win32
		{682CCE36-E63C-4495-BCFB-2AE9AC28D4F8}.Debug|x86.Build.0 = Debug|Win32
		{682CCE36-E63C-4495-BCFB-2AE9AC28D4F8}.Release|x64.ActiveCfg = Release|x64
		{682CCE36-E63C-4495-BCFB-2AE9AC28D4F8}.Release|x64.Build.0 = Release|x64
		{682CCE36-E63C-4495-BCFB-2AE9AC28D4F8}.Release|x86.ActiveCfg = Release|Win32
		{682CCE36-E63C-4495-BCFB-2AE9AC28D4F8}.Release|x86.Build.0 = Release|Win32
		{2D8FB2B4-F2F5-471D-A8D7-00D484606E76}.Debug|x64.ActiveCfg = Debug|x64
		{2D8FB2B4-F2F5-471D-A8D7-00D484606E76}.Debug|x64.Build.0 = Debug|x64
		{2D8FB2B4-F2F5-471D-A8D7-00D484606E76}.Debug|x86.ActiveCfg = Debug|Win32
		{2D8FB2B4-F2F5-471D-A8D7-00D484606E76}.Debug|x86.Build.0 = Debug|Win32
		{2D8FB2B4-F2F5-471D-A8D7-00D484606E76}.Release|x64.ActiveCfg = Release|x64
		{2D8FB2B4-F2F5-471D-A8D7-00D484606E76}.Release|x64.Build.0 = Release|x64
		{2D8FB2B4-F2F5-471D-A8D7-00D484606E76}.Release|x86.ActiveCfg = Release|Win32
		{2D8FB2B4-F2F5-471D-A8D7-00D484606E76}.Release|x86.Build.0 = Release|Win32
	EndGlobalSection
	GlobalSection(SolutionProperties) = preSolution
		HideSolutionNode = FALSE
	EndGlobalSection
	GlobalSection(ExtensibilityGlobals) = postSolution
		SolutionGuid = {FF0530FC-EEE2-44FA-AE5A-37525AA51C36}
	EndGlobalSection
EndGlobal
